
Microsoft Visual Studio Solution File, Format Version 12.00
# Visual Studio 15
VisualStudioVersion = 15.0.28307.168
MinimumVisualStudioVersion = 10.0.40219.1
Project("{9A19103F-16F7-4668-BE54-9A1E7A4F7556}") = "languageserver", "languageserver.csproj", "{70D90818-EEA3-426F-AB1A-63F34D0E4AD0}"
EndProject
Global
	GlobalSection(SolutionConfigurationPlatforms) = preSolution
		Debug|Any CPU = Debug|Any CPU
		Release|Any CPU = Release|Any CPU
	EndGlobalSection
	GlobalSection(ProjectConfigurationPlatforms) = postSolution
		{70D90818-EEA3-426F-AB1A-63F34D0E4AD0}.Debug|Any CPU.ActiveCfg = Debug|Any CPU
		{70D90818-EEA3-426F-AB1A-63F34D0E4AD0}.Debug|Any CPU.Build.0 = Debug|Any CPU
		{70D90818-EEA3-426F-AB1A-63F34D0E4AD0}.Release|Any CPU.ActiveCfg = Release|Any CPU
		{70D90818-EEA3-426F-AB1A-63F34D0E4AD0}.Release|Any CPU.Build.0 = Release|Any CPU
	EndGlobalSection
	GlobalSection(SolutionProperties) = preSolution
		HideSolutionNode = FALSE
	EndGlobalSection
	GlobalSection(ExtensibilityGlobals) = postSolution
		SolutionGuid = {1EF7F125-6EA6-4F68-96AD-8DCE629B8E34}
	EndGlobalSection
EndGlobal
